
Microsoft Visual Studio Solution File, Format Version 12.00
# Visual Studio Version 16
VisualStudioVersion = 16.0.29311.281
MinimumVisualStudioVersion = 10.0.40219.1
Project("{FAE04EC0-301F-11D3-BF4B-00C04F79EFBC}") = "PrettyWeather.Functions", "PrettyWeather.Functions\PrettyWeather.Functions.csproj", "{3B6DF117-8E2F-4342-B028-DF56867B2FAB}"
EndProject
Global
	GlobalSection(SolutionConfigurationPlatforms) = preSolution
		Debug|Any CPU = Debug|Any CPU
		Release|Any CPU = Release|Any CPU
	EndGlobalSection
	GlobalSection(ProjectConfigurationPlatforms) = postSolution
		{3B6DF117-8E2F-4342-B028-DF56867B2FAB}.Debug|Any CPU.ActiveCfg = Debug|Any CPU
		{3B6DF117-8E2F-4342-B028-DF56867B2FAB}.Debug|Any CPU.Build.0 = Debug|Any CPU
		{3B6DF117-8E2F-4342-B028-DF56867B2FAB}.Release|Any CPU.ActiveCfg = Release|Any CPU
		{3B6DF117-8E2F-4342-B028-DF56867B2FAB}.Release|Any CPU.Build.0 = Release|Any CPU
	EndGlobalSection
	GlobalSection(SolutionProperties) = preSolution
		HideSolutionNode = FALSE
	EndGlobalSection
	GlobalSection(ExtensibilityGlobals) = postSolution
		SolutionGuid = {20138B7E-CCD8-49BE-BD99-73833CA16ABB}
	EndGlobalSection
EndGlobal
