
Microsoft Visual Studio Solution File, Format Version 12.00
# Visual Studio Version 16
VisualStudioVersion = 16.0.29306.81
MinimumVisualStudioVersion = 10.0.40219.1
Project("{FAE04EC0-301F-11D3-BF4B-00C04F79EFBC}") = "PrettyWeather.Android", "PrettyWeather\PrettyWeather.Android\PrettyWeather.Android.csproj", "{6641CFA3-5305-49F7-B39D-6495FB9EDA9A}"
EndProject
Project("{FAE04EC0-301F-11D3-BF4B-00C04F79EFBC}") = "PrettyWeather.iOS", "PrettyWeather\PrettyWeather.iOS\PrettyWeather.iOS.csproj", "{AEACAE92-8FE2-4E58-8394-93ABF8B0DC64}"
EndProject
Project("{9A19103F-16F7-4668-BE54-9A1E7A4F7556}") = "PrettyWeather", "PrettyWeather\PrettyWeather\PrettyWeather.csproj", "{4E4FEAE0-8558-41AB-89D2-8D2F2B3B96F7}"
EndProject
Project("{2150E333-8FDC-42A3-9474-1A3956D46DE8}") = "Solution Items", "Solution Items", "{2AFD45C7-271A-445D-B0E9-A495FCDF6590}"
	ProjectSection(SolutionItems) = preProject
		README.md = README.md
	EndProjectSection
EndProject
Global
	GlobalSection(SolutionConfigurationPlatforms) = preSolution
		Debug|Any CPU = Debug|Any CPU
		Debug|iPhone = Debug|iPhone
		Debug|iPhoneSimulator = Debug|iPhoneSimulator
		Release|Any CPU = Release|Any CPU
		Release|iPhone = Release|iPhone
		Release|iPhoneSimulator = Release|iPhoneSimulator
	EndGlobalSection
	GlobalSection(ProjectConfigurationPlatforms) = postSolution
		{6641CFA3-5305-49F7-B39D-6495FB9EDA9A}.Debug|Any CPU.ActiveCfg = Debug|Any CPU
		{6641CFA3-5305-49F7-B39D-6495FB9EDA9A}.Debug|Any CPU.Build.0 = Debug|Any CPU
		{6641CFA3-5305-49F7-B39D-6495FB9EDA9A}.Debug|Any CPU.Deploy.0 = Debug|Any CPU
		{6641CFA3-5305-49F7-B39D-6495FB9EDA9A}.Debug|iPhone.ActiveCfg = Debug|Any CPU
		{6641CFA3-5305-49F7-B39D-6495FB9EDA9A}.Debug|iPhone.Build.0 = Debug|Any CPU
		{6641CFA3-5305-49F7-B39D-6495FB9EDA9A}.Debug|iPhone.Deploy.0 = Debug|Any CPU
		{6641CFA3-5305-49F7-B39D-6495FB9EDA9A}.Debug|iPhoneSimulator.ActiveCfg = Debug|Any CPU
		{6641CFA3-5305-49F7-B39D-6495FB9EDA9A}.Debug|iPhoneSimulator.Build.0 = Debug|Any CPU
		{6641CFA3-5305-49F7-B39D-6495FB9EDA9A}.Debug|iPhoneSimulator.Deploy.0 = Debug|Any CPU
		{6641CFA3-5305-49F7-B39D-6495FB9EDA9A}.Release|Any CPU.ActiveCfg = Release|Any CPU
		{6641CFA3-5305-49F7-B39D-6495FB9EDA9A}.Release|Any CPU.Build.0 = Release|Any CPU
		{6641CFA3-5305-49F7-B39D-6495FB9EDA9A}.Release|Any CPU.Deploy.0 = Release|Any CPU
		{6641CFA3-5305-49F7-B39D-6495FB9EDA9A}.Release|iPhone.ActiveCfg = Release|Any CPU
		{6641CFA3-5305-49F7-B39D-6495FB9EDA9A}.Release|iPhone.Build.0 = Release|Any CPU
		{6641CFA3-5305-49F7-B39D-6495FB9EDA9A}.Release|iPhone.Deploy.0 = Release|Any CPU
		{6641CFA3-5305-49F7-B39D-6495FB9EDA9A}.Release|iPhoneSimulator.ActiveCfg = Release|Any CPU
		{6641CFA3-5305-49F7-B39D-6495FB9EDA9A}.Release|iPhoneSimulator.Build.0 = Release|Any CPU
		{6641CFA3-5305-49F7-B39D-6495FB9EDA9A}.Release|iPhoneSimulator.Deploy.0 = Release|Any CPU
		{AEACAE92-8FE2-4E58-8394-93ABF8B0DC64}.Debug|Any CPU.ActiveCfg = Debug|iPhoneSimulator
		{AEACAE92-8FE2-4E58-8394-93ABF8B0DC64}.Debug|Any CPU.Build.0 = Debug|iPhoneSimulator
		{AEACAE92-8FE2-4E58-8394-93ABF8B0DC64}.Debug|Any CPU.Deploy.0 = Debug|iPhoneSimulator
		{AEACAE92-8FE2-4E58-8394-93ABF8B0DC64}.Debug|iPhone.ActiveCfg = Debug|iPhone
		{AEACAE92-8FE2-4E58-8394-93ABF8B0DC64}.Debug|iPhone.Build.0 = Debug|iPhone
		{AEACAE92-8FE2-4E58-8394-93ABF8B0DC64}.Debug|iPhone.Deploy.0 = Debug|iPhone
		{AEACAE92-8FE2-4E58-8394-93ABF8B0DC64}.Debug|iPhoneSimulator.ActiveCfg = Debug|iPhoneSimulator
		{AEACAE92-8FE2-4E58-8394-93ABF8B0DC64}.Debug|iPhoneSimulator.Build.0 = Debug|iPhoneSimulator
		{AEACAE92-8FE2-4E58-8394-93ABF8B0DC64}.Debug|iPhoneSimulator.Deploy.0 = Debug|iPhoneSimulator
		{AEACAE92-8FE2-4E58-8394-93ABF8B0DC64}.Release|Any CPU.ActiveCfg = Release|iPhone
		{AEACAE92-8FE2-4E58-8394-93ABF8B0DC64}.Release|Any CPU.Build.0 = Release|iPhone
		{AEACAE92-8FE2-4E58-8394-93ABF8B0DC64}.Release|Any CPU.Deploy.0 = Release|iPhone
		{AEACAE92-8FE2-4E58-8394-93ABF8B0DC64}.Release|iPhone.ActiveCfg = Release|iPhone
		{AEACAE92-8FE2-4E58-8394-93ABF8B0DC64}.Release|iPhone.Build.0 = Release|iPhone
		{AEACAE92-8FE2-4E58-8394-93ABF8B0DC64}.Release|iPhone.Deploy.0 = Release|iPhone
		{AEACAE92-8FE2-4E58-8394-93ABF8B0DC64}.Release|iPhoneSimulator.ActiveCfg = Release|iPhoneSimulator
		{AEACAE92-8FE2-4E58-8394-93ABF8B0DC64}.Release|iPhoneSimulator.Build.0 = Release|iPhoneSimulator
		{AEACAE92-8FE2-4E58-8394-93ABF8B0DC64}.Release|iPhoneSimulator.Deploy.0 = Release|iPhoneSimulator
		{4E4FEAE0-8558-41AB-89D2-8D2F2B3B96F7}.Debug|Any CPU.ActiveCfg = Debug|Any CPU
		{4E4FEAE0-8558-41AB-89D2-8D2F2B3B96F7}.Debug|Any CPU.Build.0 = Debug|Any CPU
		{4E4FEAE0-8558-41AB-89D2-8D2F2B3B96F7}.Debug|Any CPU.Deploy.0 = Debug|Any CPU
		{4E4FEAE0-8558-41AB-89D2-8D2F2B3B96F7}.Debug|iPhone.ActiveCfg = Debug|Any CPU
		{4E4FEAE0-8558-41AB-89D2-8D2F2B3B96F7}.Debug|iPhone.Build.0 = Debug|Any CPU
		{4E4FEAE0-8558-41AB-89D2-8D2F2B3B96F7}.Debug|iPhone.Deploy.0 = Debug|Any CPU
		{4E4FEAE0-8558-41AB-89D2-8D2F2B3B96F7}.Debug|iPhoneSimulator.ActiveCfg = Debug|Any CPU
		{4E4FEAE0-8558-41AB-89D2-8D2F2B3B96F7}.Debug|iPhoneSimulator.Build.0 = Debug|Any CPU
		{4E4FEAE0-8558-41AB-89D2-8D2F2B3B96F7}.Debug|iPhoneSimulator.Deploy.0 = Debug|Any CPU
		{4E4FEAE0-8558-41AB-89D2-8D2F2B3B96F7}.Release|Any CPU.ActiveCfg = Release|Any CPU
		{4E4FEAE0-8558-41AB-89D2-8D2F2B3B96F7}.Release|Any CPU.Build.0 = Release|Any CPU
		{4E4FEAE0-8558-41AB-89D2-8D2F2B3B96F7}.Release|Any CPU.Deploy.0 = Release|Any CPU
		{4E4FEAE0-8558-41AB-89D2-8D2F2B3B96F7}.Release|iPhone.ActiveCfg = Release|Any CPU
		{4E4FEAE0-8558-41AB-89D2-8D2F2B3B96F7}.Release|iPhone.Build.0 = Release|Any CPU
		{4E4FEAE0-8558-41AB-89D2-8D2F2B3B96F7}.Release|iPhone.Deploy.0 = Release|Any CPU
		{4E4FEAE0-8558-41AB-89D2-8D2F2B3B96F7}.Release|iPhoneSimulator.ActiveCfg = Release|Any CPU
		{4E4FEAE0-8558-41AB-89D2-8D2F2B3B96F7}.Release|iPhoneSimulator.Build.0 = Release|Any CPU
		{4E4FEAE0-8558-41AB-89D2-8D2F2B3B96F7}.Release|iPhoneSimulator.Deploy.0 = Release|Any CPU
	EndGlobalSection
	GlobalSection(SolutionProperties) = preSolution
		HideSolutionNode = FALSE
	EndGlobalSection
	GlobalSection(ExtensibilityGlobals) = postSolution
		SolutionGuid = {23636AC3-6644-4DDD-B33F-F2EBE48777D5}
	EndGlobalSection
EndGlobal
